
Microsoft Visual Studio Solution File, Format Version 12.00
# Visual Studio Version 16
VisualStudioVersion = 16.0.31205.134
MinimumVisualStudioVersion = 10.0.40219.1
Project("{FAE04EC0-301F-11D3-BF4B-00C04F79EFBC}") = "SpotiftClone", "SpotiftClone.csproj", "{CD35BE03-3B7B-4920-8DF4-1FCF426477F5}"
EndProject
Global
	GlobalSection(SolutionConfigurationPlatforms) = preSolution
		Debug|Any CPU = Debug|Any CPU
		Release|Any CPU = Release|Any CPU
	EndGlobalSection
	GlobalSection(ProjectConfigurationPlatforms) = postSolution
		{CD35BE03-3B7B-4920-8DF4-1FCF426477F5}.Debug|Any CPU.ActiveCfg = Debug|Any CPU
		{CD35BE03-3B7B-4920-8DF4-1FCF426477F5}.Debug|Any CPU.Build.0 = Debug|Any CPU
		{CD35BE03-3B7B-4920-8DF4-1FCF426477F5}.Release|Any CPU.ActiveCfg = Release|Any CPU
		{CD35BE03-3B7B-4920-8DF4-1FCF426477F5}.Release|Any CPU.Build.0 = Release|Any CPU
	EndGlobalSection
	GlobalSection(SolutionProperties) = preSolution
		HideSolutionNode = FALSE
	EndGlobalSection
	GlobalSection(ExtensibilityGlobals) = postSolution
		SolutionGuid = {07A7B4BB-45DA-4346-8EFD-B06B6BC47DEA}
	EndGlobalSection
EndGlobal
